github.com/olbrew/hugo-hero-theme v0.0.0-20220817233926-a60578c39521 h1:zFbxceOGnZ2pLvxnd9V+79FtocsLF4tc/tnvXW4lWSI=
github.com/olbrew/hugo-hero-theme v0.0.0-20220817233926-a60578c39521/go.mod h1:xwRVJV9BEfuwm/IYXJ9MaiBCtdJkOUfGYD0BkfNWLks=
github.com/olbrew/hugo-hero-theme v0.0.0-20220908230500-db44a5c3a13e h1:eLNOYkF+7UA9xCI7LzV0zpQxb/I19B8LVedCSWTUqUo=
github.com/olbrew/hugo-hero-theme v0.0.0-20220908230500-db44a5c3a13e/go.mod h1:xwRVJV9BEfuwm/IYXJ9MaiBCtdJkOUfGYD0BkfNWLks=
github.com/olbrew/hugo-hero-theme v0.0.0-20221009233855-d9a7a12f240d h1:Tv/xPZc+vHvLeZgAx327SV4p8zuX+IKcQIsKt7DE3DE=
github.com/olbrew/hugo-hero-theme v0.0.0-20221009233855-d9a7a12f240d/go.mod h1:xwRVJV9BEfuwm/IYXJ9MaiBCtdJkOUfGYD0BkfNWLks=
github.com/olbrew/hugo-hero-theme v0.0.0-20230123214524-d774a6d4b9d9 h1:UCO+lcxkgl6nzGdgC/9lQdVPwtakegxGGBaUhoRbSOQ=
github.com/olbrew/hugo-hero-theme v0.0.0-20230123214524-d774a6d4b9d9/go.mod h1:xwRVJV9BEfuwm/IYXJ9MaiBCtdJkOUfGYD0BkfNWLks=
github.com/olbrew/hugo-hero-theme v0.0.0-20231215230355-4a0d976dbd7a h1:+NJRzvsc6yRDmBSiFU1gHrV3gzJmOBDPUscO/v9oAXo=
github.com/olbrew/hugo-hero-theme v0.0.0-20231215230355-4a0d976dbd7a/go.mod h1:xwRVJV9BEfuwm/IYXJ9MaiBCtdJkOUfGYD0BkfNWLks=
github.com/olbrew/hugo-hero-theme v0.0.0-20240909184705-99809ed20825 h1:OdBN17uK0qltKw5+DCw5Kyr1OmuH/PALuNL8njF40Ko=
github.com/olbrew/hugo-hero-theme v0.0.0-20240909184705-99809ed20825/go.mod h1:xwRVJV9BEfuwm/IYXJ9MaiBCtdJkOUfGYD0BkfNWLks=
